
Microsoft Visual Studio Solution File, Format Version 12.00
# Visual Studio 2013
VisualStudioVersion = 12.0.31101.0
MinimumVisualStudioVersion = 10.0.40219.1
Project("{FAE04EC0-301F-11D3-BF4B-00C04F79EFBC}") = "ETG.Orleans", "ETG.Orleans\ETG.Orleans.csproj", "{8D1CAE0A-BBC8-46BA-9619-461C3C65366D}"
EndProject
Project("{FAE04EC0-301F-11D3-BF4B-00C04F79EFBC}") = "TestingConsoleApp", "TestingConsoleApp\TestingConsoleApp.csproj", "{B5C2F5E7-88AE-443A-B8F3-3BDA434D4361}"
EndProject
Project("{FAE04EC0-301F-11D3-BF4B-00C04F79EFBC}") = "ETG.Orleans.CodeGen", "ETG.Orleans.CodeGen\ETG.Orleans.CodeGen.csproj", "{ECA1EACF-FD62-498F-BE02-75BCA5DCB2C5}"
EndProject
Project("{FAE04EC0-301F-11D3-BF4B-00C04F79EFBC}") = "ETG.Orleans.CodeGenTest", "ETG.Orleans.CodeGenTest\ETG.Orleans.CodeGenTest.csproj", "{A66C6B74-550E-4A23-AD49-EBF934FCF854}"
EndProject
Global
	GlobalSection(SolutionConfigurationPlatforms) = preSolution
		Debug|Any CPU = Debug|Any CPU
		Release|Any CPU = Release|Any CPU
	EndGlobalSection
	GlobalSection(ProjectConfigurationPlatforms) = postSolution
		{8D1CAE0A-BBC8-46BA-9619-461C3C65366D}.Debug|Any CPU.ActiveCfg = Debug|Any CPU
		{8D1CAE0A-BBC8-46BA-9619-461C3C65366D}.Debug|Any CPU.Build.0 = Debug|Any CPU
		{8D1CAE0A-BBC8-46BA-9619-461C3C65366D}.Release|Any CPU.ActiveCfg = Release|Any CPU
		{8D1CAE0A-BBC8-46BA-9619-461C3C65366D}.Release|Any CPU.Build.0 = Release|Any CPU
		{B5C2F5E7-88AE-443A-B8F3-3BDA434D4361}.Debug|Any CPU.ActiveCfg = Debug|Any CPU
		{B5C2F5E7-88AE-443A-B8F3-3BDA434D4361}.Debug|Any CPU.Build.0 = Debug|Any CPU
		{B5C2F5E7-88AE-443A-B8F3-3BDA434D4361}.Release|Any CPU.ActiveCfg = Release|Any CPU
		{B5C2F5E7-88AE-443A-B8F3-3BDA434D4361}.Release|Any CPU.Build.0 = Release|Any CPU
		{ECA1EACF-FD62-498F-BE02-75BCA5DCB2C5}.Debug|Any CPU.ActiveCfg = Debug|Any CPU
		{ECA1EACF-FD62-498F-BE02-75BCA5DCB2C5}.Debug|Any CPU.Build.0 = Debug|Any CPU
		{ECA1EACF-FD62-498F-BE02-75BCA5DCB2C5}.Release|Any CPU.ActiveCfg = Release|Any CPU
		{ECA1EACF-FD62-498F-BE02-75BCA5DCB2C5}.Release|Any CPU.Build.0 = Release|Any CPU
		{A66C6B74-550E-4A23-AD49-EBF934FCF854}.Debug|Any CPU.ActiveCfg = Debug|Any CPU
		{A66C6B74-550E-4A23-AD49-EBF934FCF854}.Debug|Any CPU.Build.0 = Debug|Any CPU
		{A66C6B74-550E-4A23-AD49-EBF934FCF854}.Release|Any CPU.ActiveCfg = Release|Any CPU
		{A66C6B74-550E-4A23-AD49-EBF934FCF854}.Release|Any CPU.Build.0 = Release|Any CPU
	EndGlobalSection
	GlobalSection(SolutionProperties) = preSolution
		HideSolutionNode = FALSE
	EndGlobalSection
EndGlobal
