
Microsoft Visual Studio Solution File, Format Version 12.00
# Visual Studio 2013
VisualStudioVersion = 12.0.31101.0
MinimumVisualStudioVersion = 10.0.40219.1
Project("{FAE04EC0-301F-11D3-BF4B-00C04F79EFBC}") = "ETG.Orleans", "ETG.Orleans\ETG.Orleans.csproj", "{8D1CAE0A-BBC8-46BA-9619-461C3C65366D}"
EndProject
Project("{FAE04EC0-301F-11D3-BF4B-00C04F79EFBC}") = "TestingConsoleApp", "TestingConsoleApp\TestingConsoleApp.csproj", "{B5C2F5E7-88AE-443A-B8F3-3BDA434D4361}"
EndProject
Project("{FAE04EC0-301F-11D3-BF4B-00C04F79EFBC}") = "ETG.Orleans.CodeGen", "ETG.Orleans.CodeGen\ETG.Orleans.CodeGen.csproj", "{ECA1EACF-FD62-498F-BE02-75BCA5DCB2C5}"
EndProject
Project("{2150E333-8FDC-42A3-9474-1A3956D46DE8}") = ".nuget", ".nuget", "{B748633B-418D-440E-8235-2466F0F6EA1F}"
	ProjectSection(SolutionItems) = preProject
		.nuget\NuGet.Config = .nuget\NuGet.Config
		.nuget\NuGet.exe = .nuget\NuGet.exe
		.nuget\NuGet.targets = .nuget\NuGet.targets
	EndProjectSection
EndProject
Global
	GlobalSection(SolutionConfigurationPlatforms) = preSolution
		Debug|Any CPU = Debug|Any CPU
		Release|Any CPU = Release|Any CPU
	EndGlobalSection
	GlobalSection(ProjectConfigurationPlatforms) = postSolution
		{8D1CAE0A-BBC8-46BA-9619-461C3C65366D}.Debug|Any CPU.ActiveCfg = Debug|Any CPU
		{8D1CAE0A-BBC8-46BA-9619-461C3C65366D}.Debug|Any CPU.Build.0 = Debug|Any CPU
		{8D1CAE0A-BBC8-46BA-9619-461C3C65366D}.Release|Any CPU.ActiveCfg = Release|Any CPU
		{8D1CAE0A-BBC8-46BA-9619-461C3C65366D}.Release|Any CPU.Build.0 = Release|Any CPU
		{B5C2F5E7-88AE-443A-B8F3-3BDA434D4361}.Debug|Any CPU.ActiveCfg = Debug|Any CPU
		{B5C2F5E7-88AE-443A-B8F3-3BDA434D4361}.Debug|Any CPU.Build.0 = Debug|Any CPU
		{B5C2F5E7-88AE-443A-B8F3-3BDA434D4361}.Release|Any CPU.ActiveCfg = Release|Any CPU
		{B5C2F5E7-88AE-443A-B8F3-3BDA434D4361}.Release|Any CPU.Build.0 = Release|Any CPU
		{ECA1EACF-FD62-498F-BE02-75BCA5DCB2C5}.Debug|Any CPU.ActiveCfg = Debug|Any CPU
		{ECA1EACF-FD62-498F-BE02-75BCA5DCB2C5}.Debug|Any CPU.Build.0 = Debug|Any CPU
		{ECA1EACF-FD62-498F-BE02-75BCA5DCB2C5}.Release|Any CPU.ActiveCfg = Release|Any CPU
		{ECA1EACF-FD62-498F-BE02-75BCA5DCB2C5}.Release|Any CPU.Build.0 = Release|Any CPU
	EndGlobalSection
	GlobalSection(SolutionProperties) = preSolution
		HideSolutionNode = FALSE
	EndGlobalSection
EndGlobal
